// !$*UTF8*$!
{
	archiveVersion = 1;
	classes = {
	};
	objectVersion = 50;
	objects = {

/* Begin PBXBuildFile section */
		BD4D59F2218C1A4000B90E53 /* ItemStore.swift in Sources */ = {isa = PBXBuildFile; fileRef = BD4D59F1218C1A4000B90E53 /* ItemStore.swift */; };
		BD4D59F4218C1D0700B90E53 /* ShoppingCart.swift in Sources */ = {isa = PBXBuildFile; fileRef = BD4D59F3218C1D0700B90E53 /* ShoppingCart.swift */; };
		BD4D59F8218C268D00B90E53 /* CartViewController.swift in Sources */ = {isa = PBXBuildFile; fileRef = BD4D59F7218C268D00B90E53 /* CartViewController.swift */; };
		BDB68713218D65A1000BA84C /* CheckoutViewController.swift in Sources */ = {isa = PBXBuildFile; fileRef = BDB68712218D65A1000BA84C /* CheckoutViewController.swift */; };
		BDF773682191400C00683D01 /* Calculator.swift in Sources */ = {isa = PBXBuildFile; fileRef = BDF773672191400C00683D01 /* Calculator.swift */; };
		BDFA88AD2189C4FE00982816 /* AppDelegate.swift in Sources */ = {isa = PBXBuildFile; fileRef = BDFA88AC2189C4FE00982816 /* AppDelegate.swift */; };
		BDFA88AF2189C4FE00982816 /* ViewController.swift in Sources */ = {isa = PBXBuildFile; fileRef = BDFA88AE2189C4FE00982816 /* ViewController.swift */; };
		BDFA88B22189C4FE00982816 /* Main.storyboard in Resources */ = {isa = PBXBuildFile; fileRef = BDFA88B02189C4FE00982816 /* Main.storyboard */; };
		BDFA88B42189C4FF00982816 /* Assets.xcassets in Resources */ = {isa = PBXBuildFile; fileRef = BDFA88B32189C4FF00982816 /* Assets.xcassets */; };
		BDFA88B72189C4FF00982816 /* LaunchScreen.storyboard in Resources */ = {isa = PBXBuildFile; fileRef = BDFA88B52189C4FF00982816 /* LaunchScreen.storyboard */; };
/* End PBXBuildFile section */

/* Begin PBXFileReference section */
		BD4D59F1218C1A4000B90E53 /* ItemStore.swift */ = {isa = PBXFileReference; lastKnownFileType = sourcecode.swift; path = ItemStore.swift; sourceTree = "<group>"; };
		BD4D59F3218C1D0700B90E53 /* ShoppingCart.swift */ = {isa = PBXFileReference; lastKnownFileType = sourcecode.swift; path = ShoppingCart.swift; sourceTree = "<group>"; };
		BD4D59F7218C268D00B90E53 /* CartViewController.swift */ = {isa = PBXFileReference; lastKnownFileType = sourcecode.swift; path = CartViewController.swift; sourceTree = "<group>"; };
		BDB68712218D65A1000BA84C /* CheckoutViewController.swift */ = {isa = PBXFileReference; lastKnownFileType = sourcecode.swift; path = CheckoutViewController.swift; sourceTree = "<group>"; };
		BDF773672191400C00683D01 /* Calculator.swift */ = {isa = PBXFileReference; lastKnownFileType = sourcecode.swift; path = Calculator.swift; sourceTree = "<group>"; };
		BDFA88A92189C4FE00982816 /* ShoppingCart.app */ = {isa = PBXFileReference; explicitFileType = wrapper.application; includeInIndex = 0; path = ShoppingCart.app; sourceTree = BUILT_PRODUCTS_DIR; };
		BDFA88AC2189C4FE00982816 /* AppDelegate.swift */ = {isa = PBXFileReference; lastKnownFileType = sourcecode.swift; path = AppDelegate.swift; sourceTree = "<group>"; };
		BDFA88AE2189C4FE00982816 /* ViewController.swift */ = {isa = PBXFileReference; lastKnownFileType = sourcecode.swift; path = ViewController.swift; sourceTree = "<group>"; };
		BDFA88B12189C4FE00982816 /* Base */ = {isa = PBXFileReference; lastKnownFileType = file.storyboard; name = Base; path = Base.lproj/Main.storyboard; sourceTree = "<group>"; };
		BDFA88B32189C4FF00982816 /* Assets.xcassets */ = {isa = PBXFileReference; lastKnownFileType = folder.assetcatalog; path = Assets.xcassets; sourceTree = "<group>"; };
		BDFA88B62189C4FF00982816 /* Base */ = {isa = PBXFileReference; lastKnownFileType = file.storyboard; name = Base; path = Base.lproj/LaunchScreen.storyboard; sourceTree = "<group>"; };
		BDFA88B82189C4FF00982816 /* Info.plist */ = {isa = PBXFileReference; lastKnownFileType = text.plist.xml; path = Info.plist; sourceTree = "<group>"; };
/* End PBXFileReference section */

/* Begin PBXFrameworksBuildPhase section */
		BDFA88A62189C4FE00982816 /* Frameworks */ = {
			isa = PBXFrameworksBuildPhase;
			buildActionMask = 2147483647;
			files = (
			);
			runOnlyForDeploymentPostprocessing = 0;
		};
/* End PBXFrameworksBuildPhase section */

/* Begin PBXGroup section */
		BD4D59F5218C259C00B90E53 /* Model */ = {
			isa = PBXGroup;
			children = (
				BD4D59F1218C1A4000B90E53 /* ItemStore.swift */,
				BDF773672191400C00683D01 /* Calculator.swift */,
				BD4D59F3218C1D0700B90E53 /* ShoppingCart.swift */,
			);
			path = Model;
			sourceTree = "<group>";
		};
		BD4D59F6218C25A500B90E53 /* View */ = {
			isa = PBXGroup;
			children = (
				BDFA88B02189C4FE00982816 /* Main.storyboard */,
			);
			path = View;
			sourceTree = "<group>";
		};
		BDB45CE1218C53D10060730E /* Controller */ = {
			isa = PBXGroup;
			children = (
				BD4D59F7218C268D00B90E53 /* CartViewController.swift */,
				BDB68712218D65A1000BA84C /* CheckoutViewController.swift */,
			);
			path = Controller;
			sourceTree = "<group>";
		};
		BDFA88A02189C4FE00982816 = {
			isa = PBXGroup;
			children = (
				BDFA88AB2189C4FE00982816 /* ShoppingCart */,
				BDFA88AA2189C4FE00982816 /* Products */,
			);
			sourceTree = "<group>";
		};
		BDFA88AA2189C4FE00982816 /* Products */ = {
			isa = PBXGroup;
			children = (
				BDFA88A92189C4FE00982816 /* ShoppingCart.app */,
			);
			name = Products;
			sourceTree = "<group>";
		};
		BDFA88AB2189C4FE00982816 /* ShoppingCart */ = {
			isa = PBXGroup;
			children = (
				BDFA88AC2189C4FE00982816 /* AppDelegate.swift */,
				BDFA88AE2189C4FE00982816 /* ViewController.swift */,
				BDB45CE1218C53D10060730E /* Controller */,
				BD4D59F6218C25A500B90E53 /* View */,
				BD4D59F5218C259C00B90E53 /* Model */,
				BDFA88B32189C4FF00982816 /* Assets.xcassets */,
				BDFA88B52189C4FF00982816 /* LaunchScreen.storyboard */,
				BDFA88B82189C4FF00982816 /* Info.plist */,
			);
			path = ShoppingCart;
			sourceTree = "<group>";
		};
/* End PBXGroup section */

/* Begin PBXNativeTarget section */
		BDFA88A82189C4FE00982816 /* ShoppingCart */ = {
			isa = PBXNativeTarget;
			buildConfigurationList = BDFA88BB2189C4FF00982816 /* Build configuration list for PBXNativeTarget "ShoppingCart" */;
			buildPhases = (
				BDFA88A52189C4FE00982816 /* Sources */,
				BDFA88A62189C4FE00982816 /* Frameworks */,
				BDFA88A72189C4FE00982816 /* Resources */,
			);
			buildRules = (
			);
			dependencies = (
			);
			name = ShoppingCart;
			productName = ShoppingCart;
			productReference = BDFA88A92189C4FE00982816 /* ShoppingCart.app */;
			productType = "com.apple.product-type.application";
		};
/* End PBXNativeTarget section */

/* Begin PBXProject section */
		BDFA88A12189C4FE00982816 /* Project object */ = {
			isa = PBXProject;
			attributes = {
				LastSwiftUpdateCheck = 1000;
				LastUpgradeCheck = 1000;
				ORGANIZATIONNAME = PTV;
				TargetAttributes = {
					BDFA88A82189C4FE00982816 = {
						CreatedOnToolsVersion = 10.0;
					};
				};
			};
			buildConfigurationList = BDFA88A42189C4FE00982816 /* Build configuration list for PBXProject "ShoppingCart" */;
			compatibilityVersion = "Xcode 9.3";
			developmentRegion = en;
			hasScannedForEncodings = 0;
			knownRegions = (
				en,
				Base,
			);
			mainGroup = BDFA88A02189C4FE00982816;
			productRefGroup = BDFA88AA2189C4FE00982816 /* Products */;
			projectDirPath = "";
			projectRoot = "";
			targets = (
				BDFA88A82189C4FE00982816 /* ShoppingCart */,
			);
		};
/* End PBXProject section */

/* Begin PBXResourcesBuildPhase section */
		BDFA88A72189C4FE00982816 /* Resources */ = {
			isa = PBXResourcesBuildPhase;
			buildActionMask = 2147483647;
			files = (
				BDFA88B72189C4FF00982816 /* LaunchScreen.storyboard in Resources */,
				BDFA88B42189C4FF00982816 /* Assets.xcassets in Resources */,
				BDFA88B22189C4FE00982816 /* Main.storyboard in Resources */,
			);
			runOnlyForDeploymentPostprocessing = 0;
		};
/* End PBXResourcesBuildPhase section */

/* Begin PBXSourcesBuildPhase section */
		BDFA88A52189C4FE00982816 /* Sources */ = {
			isa = PBXSourcesBuildPhase;
			buildActionMask = 2147483647;
			files = (
				BD4D59F2218C1A4000B90E53 /* ItemStore.swift in Sources */,
				BD4D59F8218C268D00B90E53 /* CartViewController.swift in Sources */,
				BDF773682191400C00683D01 /* Calculator.swift in Sources */,
				BDFA88AF2189C4FE00982816 /* ViewController.swift in Sources */,
				BD4D59F4218C1D0700B90E53 /* ShoppingCart.swift in Sources */,
				BDFA88AD2189C4FE00982816 /* AppDelegate.swift in Sources */,
				BDB68713218D65A1000BA84C /* CheckoutViewController.swift in Sources */,
			);
			runOnlyForDeploymentPostprocessing = 0;
		};
/* End PBXSourcesBuildPhase section */

/* Begin PBXVariantGroup section */
		BDFA88B02189C4FE00982816 /* Main.storyboard */ = {
			isa = PBXVariantGroup;
			children = (
				BDFA88B12189C4FE00982816 /* Base */,
			);
			name = Main.storyboard;
			sourceTree = "<group>";
		};
		BDFA88B52189C4FF00982816 /* LaunchScreen.storyboard */ = {
			isa = PBXVariantGroup;
			children = (
				BDFA88B62189C4FF00982816 /* Base */,
			);
			name = LaunchScreen.storyboard;
			sourceTree = "<group>";
		};
/* End PBXVariantGroup section */

/* Begin XCBuildConfiguration section */
		BDFA88B92189C4FF00982816 /* Debug */ = {
			isa = XCBuildConfiguration;
			buildSettings = {
				ALWAYS_SEARCH_USER_PATHS = NO;
				CLANG_ANALYZER_NONNULL = YES;
				CLANG_ANALYZER_NUMBER_OBJECT_CONVERSION = YES_AGGRESSIVE;
				CLANG_CXX_LANGUAGE_STANDARD = "gnu++14";
				CLANG_CXX_LIBRARY = "libc++";
				CLANG_ENABLE_MODULES = YES;
				CLANG_ENABLE_OBJC_ARC = YES;
				CLANG_ENABLE_OBJC_WEAK = YES;
				CLANG_WARN_BLOCK_CAPTURE_AUTORELEASING = YES;
				CLANG_WARN_BOOL_CONVERSION = YES;
				CLANG_WARN_COMMA = YES;
				CLANG_WARN_CONSTANT_CONVERSION = YES;
				CLANG_WARN_DEPRECATED_OBJC_IMPLEMENTATIONS = YES;
				CLANG_WARN_DIRECT_OBJC_ISA_USAGE = YES_ERROR;
				CLANG_WARN_DOCUMENTATION_COMMENTS = YES;
				CLANG_WARN_EMPTY_BODY = YES;
				CLANG_WARN_ENUM_CONVERSION = YES;
				CLANG_WARN_INFINITE_RECURSION = YES;
				CLANG_WARN_INT_CONVERSION = YES;
				CLANG_WARN_NON_LITERAL_NULL_CONVERSION = YES;
				CLANG_WARN_OBJC_IMPLICIT_RETAIN_SELF = YES;
				CLANG_WARN_OBJC_LITERAL_CONVERSION = YES;
				CLANG_WARN_OBJC_ROOT_CLASS = YES_ERROR;
				CLANG_WARN_RANGE_LOOP_ANALYSIS = YES;
				CLANG_WARN_STRICT_PROTOTYPES = YES;
				CLANG_WARN_SUSPICIOUS_MOVE = YES;
				CLANG_WARN_UNGUARDED_AVAILABILITY = YES_AGGRESSIVE;
				CLANG_WARN_UNREACHABLE_CODE = YES;
				CLANG_WARN__DUPLICATE_METHOD_MATCH = YES;
				CODE_SIGN_IDENTITY = "iPhone Developer";
				COPY_PHASE_STRIP = NO;
				DEBUG_INFORMATION_FORMAT = dwarf;
				ENABLE_STRICT_OBJC_MSGSEND = YES;
				ENABLE_TESTABILITY = YES;
				GCC_C_LANGUAGE_STANDARD = gnu11;
				GCC_DYNAMIC_NO_PIC = NO;
				GCC_NO_COMMON_BLOCKS = YES;
				GCC_OPTIMIZATION_LEVEL = 0;
				GCC_PREPROCESSOR_DEFINITIONS = (
					"DEBUG=1",
					"$(inherited)",
				);
				GCC_WARN_64_TO_32_BIT_CONVERSION = YES;
				GCC_WARN_ABOUT_RETURN_TYPE = YES_ERROR;
				GCC_WARN_UNDECLARED_SELECTOR = YES;
				GCC_WARN_UNINITIALIZED_AUTOS = YES_AGGRESSIVE;
				GCC_WARN_UNUSED_FUNCTION = YES;
				GCC_WARN_UNUSED_VARIABLE = YES;
				IPHONEOS_DEPLOYMENT_TARGET = 12.0;
				MTL_ENABLE_DEBUG_INFO = INCLUDE_SOURCE;
				MTL_FAST_MATH = YES;
				ONLY_ACTIVE_ARCH = YES;
				SDKROOT = iphoneos;
				SWIFT_ACTIVE_COMPILATION_CONDITIONS = DEBUG;
				SWIFT_OPTIMIZATION_LEVEL = "-Onone";
			};
			name = Debug;
		};
		BDFA88BA2189C4FF00982816 /* Release */ = {
			isa = XCBuildConfiguration;
			buildSettings = {
				ALWAYS_SEARCH_USER_PATHS = NO;
				CLANG_ANALYZER_NONNULL = YES;
				CLANG_ANALYZER_NUMBER_OBJECT_CONVERSION = YES_AGGRESSIVE;
				CLANG_CXX_LANGUAGE_STANDARD = "gnu++14";
				CLANG_CXX_LIBRARY = "libc++";
				CLANG_ENABLE_MODULES = YES;
				CLANG_ENABLE_OBJC_ARC = YES;
				CLANG_ENABLE_OBJC_WEAK = YES;
				CLANG_WARN_BLOCK_CAPTURE_AUTORELEASING = YES;
				CLANG_WARN_BOOL_CONVERSION = YES;
				CLANG_WARN_COMMA = YES;
				CLANG_WARN_CONSTANT_CONVERSION = YES;
				CLANG_WARN_DEPRECATED_OBJC_IMPLEMENTATIONS = YES;
				CLANG_WARN_DIRECT_OBJC_ISA_USAGE = YES_ERROR;
				CLANG_WARN_DOCUMENTATION_COMMENTS = YES;
				CLANG_WARN_EMPTY_BODY = YES;
				CLANG_WARN_ENUM_CONVERSION = YES;
				CLANG_WARN_INFINITE_RECURSION = YES;
				CLANG_WARN_INT_CONVERSION = YES;
				CLANG_WARN_NON_LITERAL_NULL_CONVERSION = YES;
				CLANG_WARN_OBJC_IMPLICIT_RETAIN_SELF = YES;
				CLANG_WARN_OBJC_LITERAL_CONVERSION = YES;
				CLANG_WARN_OBJC_ROOT_CLASS = YES_ERROR;
				CLANG_WARN_RANGE_LOOP_ANALYSIS = YES;
				CLANG_WARN_STRICT_PROTOTYPES = YES;
				CLANG_WARN_SUSPICIOUS_MOVE = YES;
				CLANG_WARN_UNGUARDED_AVAILABILITY = YES_AGGRESSIVE;
				CLANG_WARN_UNREACHABLE_CODE = YES;
				CLANG_WARN__DUPLICATE_METHOD_MATCH = YES;
				CODE_SIGN_IDENTITY = "iPhone Developer";
				COPY_PHASE_STRIP = NO;
				DEBUG_INFORMATION_FORMAT = "dwarf-with-dsym";
				ENABLE_NS_ASSERTIONS = NO;
				ENABLE_STRICT_OBJC_MSGSEND = YES;
				GCC_C_LANGUAGE_STANDARD = gnu11;
				GCC_NO_COMMON_BLOCKS = YES;
				GCC_WARN_64_TO_32_BIT_CONVERSION = YES;
				GCC_WARN_ABOUT_RETURN_TYPE = YES_ERROR;
				GCC_WARN_UNDECLARED_SELECTOR = YES;
				GCC_WARN_UNINITIALIZED_AUTOS = YES_AGGRESSIVE;
				GCC_WARN_UNUSED_FUNCTION = YES;
				GCC_WARN_UNUSED_VARIABLE = YES;
				IPHONEOS_DEPLOYMENT_TARGET = 12.0;
				MTL_ENABLE_DEBUG_INFO = NO;
				MTL_FAST_MATH = YES;
				SDKROOT = iphoneos;
				SWIFT_COMPILATION_MODE = wholemodule;
				SWIFT_OPTIMIZATION_LEVEL = "-O";
				VALIDATE_PRODUCT = YES;
			};
			name = Release;
		};
		BDFA88BC2189C4FF00982816 /* Debug */ = {
			isa = XCBuildConfiguration;
			buildSettings = {
				ASSETCATALOG_COMPILER_APPICON_NAME = AppIcon;
				CODE_SIGN_STYLE = Automatic;
				DEVELOPMENT_TEAM = DRX889FW83;
				INFOPLIST_FILE = ShoppingCart/Info.plist;
				LD_RUNPATH_SEARCH_PATHS = (
					"$(inherited)",
					"@executable_path/Frameworks",
				);
				PRODUCT_BUNDLE_IDENTIFIER = vinhphan.ShoppingCart;
				PRODUCT_NAME = "$(TARGET_NAME)";
				SWIFT_VERSION = 4.2;
				TARGETED_DEVICE_FAMILY = "1,2";
			};
			name = Debug;
		};
		BDFA88BD2189C4FF00982816 /* Release */ = {
			isa = XCBuildConfiguration;
			buildSettings = {
				ASSETCATALOG_COMPILER_APPICON_NAME = AppIcon;
				CODE_SIGN_STYLE = Automatic;
				DEVELOPMENT_TEAM = DRX889FW83;
				INFOPLIST_FILE = ShoppingCart/Info.plist;
				LD_RUNPATH_SEARCH_PATHS = (
					"$(inherited)",
					"@executable_path/Frameworks",
				);
				PRODUCT_BUNDLE_IDENTIFIER = vinhphan.ShoppingCart;
				PRODUCT_NAME = "$(TARGET_NAME)";
				SWIFT_VERSION = 4.2;
				TARGETED_DEVICE_FAMILY = "1,2";
			};
			name = Release;
		};
/* End XCBuildConfiguration section */

/* Begin XCConfigurationList section */
		BDFA88A42189C4FE00982816 /* Build configuration list for PBXProject "ShoppingCart" */ = {
			isa = XCConfigurationList;
			buildConfigurations = (
				BDFA88B92189C4FF00982816 /* Debug */,
				BDFA88BA2189C4FF00982816 /* Release */,
			);
			defaultConfigurationIsVisible = 0;
			defaultConfigurationName = Release;
		};
		BDFA88BB2189C4FF00982816 /* Build configuration list for PBXNativeTarget "ShoppingCart" */ = {
			isa = XCConfigurationList;
			buildConfigurations = (
				BDFA88BC2189C4FF00982816 /* Debug */,
				BDFA88BD2189C4FF00982816 /* Release */,
			);
			defaultConfigurationIsVisible = 0;
			defaultConfigurationName = Release;
		};
/* End XCConfigurationList section */
	};
	rootObject = BDFA88A12189C4FE00982816 /* Project object */;
}
